
Microsoft Visual Studio Solution File, Format Version 12.00
# Visual Studio Version 16
VisualStudioVersion = 16.0.28922.388
MinimumVisualStudioVersion = 10.0.40219.1
Project("{FAE04EC0-301F-11D3-BF4B-00C04F79EFBC}") = "ToastyLights", "ToastyLights\ToastyLights.csproj", "{812CA116-FCBA-4C38-BE62-5790138736B1}"
EndProject
Global
	GlobalSection(SolutionConfigurationPlatforms) = preSolution
		Debug|Any CPU = Debug|Any CPU
		Release|Any CPU = Release|Any CPU
	EndGlobalSection
	GlobalSection(ProjectConfigurationPlatforms) = postSolution
		{812CA116-FCBA-4C38-BE62-5790138736B1}.Debug|Any CPU.ActiveCfg = Debug|Any CPU
		{812CA116-FCBA-4C38-BE62-5790138736B1}.Debug|Any CPU.Build.0 = Debug|Any CPU
		{812CA116-FCBA-4C38-BE62-5790138736B1}.Release|Any CPU.ActiveCfg = Release|Any CPU
		{812CA116-FCBA-4C38-BE62-5790138736B1}.Release|Any CPU.Build.0 = Release|Any CPU
	EndGlobalSection
	GlobalSection(SolutionProperties) = preSolution
		HideSolutionNode = FALSE
	EndGlobalSection
	GlobalSection(ExtensibilityGlobals) = postSolution
		SolutionGuid = {DDB4A64B-DEBA-4C91-94E4-000141028F90}
	EndGlobalSection
EndGlobal
